
Microsoft Visual Studio Solution File, Format Version 12.00
# Visual Studio Version 17
VisualStudioVersion = 17.5.001.0
MinimumVisualStudioVersion = 10.0.40219.1
Project("{9A19103F-16F7-4668-BE54-9A1E7A4F7556}") = "ProgramacionFuncionalCSharp", "ProgramacionFuncionalCSharp.csproj", "{C6C77B24-E35D-4C94-98D0-6711A8FBA81D}"
EndProject
Global
	GlobalSection(SolutionConfigurationPlatforms) = preSolution
		Debug|Any CPU = Debug|Any CPU
		Release|Any CPU = Release|Any CPU
	EndGlobalSection
	GlobalSection(ProjectConfigurationPlatforms) = postSolution
		{C6C77B24-E35D-4C94-98D0-6711A8FBA81D}.Debug|Any CPU.ActiveCfg = Debug|Any CPU
		{C6C77B24-E35D-4C94-98D0-6711A8FBA81D}.Debug|Any CPU.Build.0 = Debug|Any CPU
		{C6C77B24-E35D-4C94-98D0-6711A8FBA81D}.Release|Any CPU.ActiveCfg = Release|Any CPU
		{C6C77B24-E35D-4C94-98D0-6711A8FBA81D}.Release|Any CPU.Build.0 = Release|Any CPU
	EndGlobalSection
	GlobalSection(SolutionProperties) = preSolution
		HideSolutionNode = FALSE
	EndGlobalSection
	GlobalSection(ExtensibilityGlobals) = postSolution
		SolutionGuid = {768866F8-8957-404E-B467-107681CCED16}
	EndGlobalSection
EndGlobal
